{
  "nodes": {
    "flakelight": {
      "inputs": {
        "nixpkgs": "nixpkgs"
      },
      "locked": {
        "lastModified": 1707740958,
        "narHash": "sha256-9WOADiS4hxSxrlFqBCohdhRBVzP7+RZtXYE77A55aZc=",
        "owner": "nix-community",
        "repo": "flakelight",
        "rev": "40af04adb6f953f66198063defa654e98074a2bc",
        "type": "github"
      },
      "original": {
        "owner": "nix-community",
        "repo": "flakelight",
        "type": "github"
      }
    },
    "flakelight-zig": {
      "inputs": {
        "flakelight": "flakelight"
      },
      "locked": {
        "lastModified": 1707826427,
        "narHash": "sha256-z1Ids5CSQYWKq3Tyo0kBmspH4cfRY7A+l8QZojdxtHQ=",
        "owner": "accelbread",
        "repo": "flakelight-zig",
        "rev": "47d341768a58abb2d7341927978ee996ae48d87e",
        "type": "github"
      },
      "original": {
        "owner": "accelbread",
        "repo": "flakelight-zig",
        "type": "github"
      }
    },
    "nixpkgs": {
      "locked": {
        "lastModified": 1707546158,
        "narHash": "sha256-nYYJTpzfPMDxI8mzhQsYjIUX+grorqjKEU9Np6Xwy/0=",
        "owner": "NixOS",
        "repo": "nixpkgs",
        "rev": "d934204a0f8d9198e1e4515dd6fec76a139c87f0",
        "type": "github"
      },
      "original": {
        "id": "nixpkgs",
        "ref": "nixos-unstable",
        "type": "indirect"
      }
    },
    "nixpkgs_2": {
      "locked": {
        "lastModified": 1707956935,
        "narHash": "sha256-ZL2TrjVsiFNKOYwYQozpbvQSwvtV/3Me7Zwhmdsfyu4=",
        "owner": "NixOS",
        "repo": "nixpkgs",
        "rev": "a4d4fe8c5002202493e87ec8dbc91335ff55552c",
        "type": "github"
      },
      "original": {
        "id": "nixpkgs",
        "ref": "nixos-unstable",
        "type": "indirect"
      }
    },
    "root": {
      "inputs": {
        "flakelight-zig": "flakelight-zig",
        "nixpkgs": "nixpkgs_2"
      }
    }
  },
  "root": "root",
  "version": 7
}
